
Microsoft Visual Studio Solution File, Format Version 12.00
# Visual Studio Version 16
VisualStudioVersion = 16.0.29609.76
MinimumVisualStudioVersion = 10.0.40219.1
Project("{8BC9CEB8-8B4A-11D0-8D11-00A0C91BC942}") = "3_0_2", "3_0_2\3_0_2.vcxproj", "{C9048316-9A6C-450F-B431-BAC6D4D9B475}"
EndProject
Project("{8BC9CEB8-8B4A-11D0-8D11-00A0C91BC942}") = "4_2_2", "4_2_2\4_2_2.vcxproj", "{C457A228-536E-4D0D-ABCD-8DA81C85D299}"
EndProject
Project("{8BC9CEB8-8B4A-11D0-8D11-00A0C91BC942}") = "4_4_2", "4_4_2\4_4_2.vcxproj", "{C03614D9-E85A-48CC-B0A2-4EFC4D9D1FC7}"
EndProject
Project("{8BC9CEB8-8B4A-11D0-8D11-00A0C91BC942}") = "4_5_2", "4_5_2\4_5_2.vcxproj", "{597D9F37-95D8-4F4C-89B4-167F6A86CBCB}"
EndProject
Project("{8BC9CEB8-8B4A-11D0-8D11-00A0C91BC942}") = "4_6_2", "4_6_2\4_6_2.vcxproj", "{FCE85868-AE49-4740-9FF3-0EDA2273ECF4}"
EndProject
Project("{8BC9CEB8-8B4A-11D0-8D11-00A0C91BC942}") = "5_1_3", "5_1_3\5_1_3.vcxproj", "{ECDCB2B8-D455-499C-BF8D-ACFEE54C0D47}"
EndProject
Project("{8BC9CEB8-8B4A-11D0-8D11-00A0C91BC942}") = "5_2_3", "5_2_3\5_2_3.vcxproj", "{F234B5E6-9F53-4ADC-A3E7-08B80FA95D37}"
EndProject
Project("{8BC9CEB8-8B4A-11D0-8D11-00A0C91BC942}") = "5_4_3", "5_4_3\5_4_3.vcxproj", "{7FD0CA14-E238-4B26-96F7-27736191221A}"
EndProject
Project("{8BC9CEB8-8B4A-11D0-8D11-00A0C91BC942}") = "4_6_4", "4_6_4\4_6_4.vcxproj", "{FF4835C7-687A-4127-994A-49CC795F1583}"
EndProject
Project("{8BC9CEB8-8B4A-11D0-8D11-00A0C91BC942}") = "7_1_2", "7_1_2\7_1_2.vcxproj", "{52F75637-5C25-4282-820C-A4AFED843E3A}"
EndProject
Project("{8BC9CEB8-8B4A-11D0-8D11-00A0C91BC942}") = "7_2_2", "7_2_2\7_2_2.vcxproj", "{954E7500-84D7-4AB6-8035-DEFBFD776E21}"
EndProject
Project("{8BC9CEB8-8B4A-11D0-8D11-00A0C91BC942}") = "7_3_3", "7_3_3\7_3_3.vcxproj", "{131C799F-5315-4646-AC6E-D90E067387D3}"
EndProject
Project("{8BC9CEB8-8B4A-11D0-8D11-00A0C91BC942}") = "7_3_2", "7_3_2\7_3_2.vcxproj", "{CA6B884E-AB94-4992-B138-F4C5EB0432BF}"
EndProject
Project("{8BC9CEB8-8B4A-11D0-8D11-00A0C91BC942}") = "8_1_2", "8_1_2\8_1_2.vcxproj", "{1E5486E5-5507-40E6-B15E-52733504E778}"
EndProject
Global
	GlobalSection(SolutionConfigurationPlatforms) = preSolution
		Debug|x64 = Debug|x64
		Debug|x86 = Debug|x86
		Release|x64 = Release|x64
		Release|x86 = Release|x86
	EndGlobalSection
	GlobalSection(ProjectConfigurationPlatforms) = postSolution
		{C9048316-9A6C-450F-B431-BAC6D4D9B475}.Debug|x64.ActiveCfg = Debug|x64
		{C9048316-9A6C-450F-B431-BAC6D4D9B475}.Debug|x64.Build.0 = Debug|x64
		{C9048316-9A6C-450F-B431-BAC6D4D9B475}.Debug|x86.ActiveCfg = Debug|Win32
		{C9048316-9A6C-450F-B431-BAC6D4D9B475}.Debug|x86.Build.0 = Debug|Win32
		{C9048316-9A6C-450F-B431-BAC6D4D9B475}.Release|x64.ActiveCfg = Release|x64
		{C9048316-9A6C-450F-B431-BAC6D4D9B475}.Release|x64.Build.0 = Release|x64
		{C9048316-9A6C-450F-B431-BAC6D4D9B475}.Release|x86.ActiveCfg = Release|Win32
		{C9048316-9A6C-450F-B431-BAC6D4D9B475}.Release|x86.Build.0 = Release|Win32
		{C457A228-536E-4D0D-ABCD-8DA81C85D299}.Debug|x64.ActiveCfg = Debug|x64
		{C457A228-536E-4D0D-ABCD-8DA81C85D299}.Debug|x64.Build.0 = Debug|x64
		{C457A228-536E-4D0D-ABCD-8DA81C85D299}.Debug|x86.ActiveCfg = Debug|Win32
		{C457A228-536E-4D0D-ABCD-8DA81C85D299}.Debug|x86.Build.0 = Debug|Win32
		{C457A228-536E-4D0D-ABCD-8DA81C85D299}.Release|x64.ActiveCfg = Release|x64
		{C457A228-536E-4D0D-ABCD-8DA81C85D299}.Release|x64.Build.0 = Release|x64
		{C457A228-536E-4D0D-ABCD-8DA81C85D299}.Release|x86.ActiveCfg = Release|Win32
		{C457A228-536E-4D0D-ABCD-8DA81C85D299}.Release|x86.Build.0 = Release|Win32
		{C03614D9-E85A-48CC-B0A2-4EFC4D9D1FC7}.Debug|x64.ActiveCfg = Debug|x64
		{C03614D9-E85A-48CC-B0A2-4EFC4D9D1FC7}.Debug|x64.Build.0 = Debug|x64
		{C03614D9-E85A-48CC-B0A2-4EFC4D9D1FC7}.Debug|x86.ActiveCfg = Debug|Win32
		{C03614D9-E85A-48CC-B0A2-4EFC4D9D1FC7}.Debug|x86.Build.0 = Debug|Win32
		{C03614D9-E85A-48CC-B0A2-4EFC4D9D1FC7}.Release|x64.ActiveCfg = Release|x64
		{C03614D9-E85A-48CC-B0A2-4EFC4D9D1FC7}.Release|x64.Build.0 = Release|x64
		{C03614D9-E85A-48CC-B0A2-4EFC4D9D1FC7}.Release|x86.ActiveCfg = Release|Win32
		{C03614D9-E85A-48CC-B0A2-4EFC4D9D1FC7}.Release|x86.Build.0 = Release|Win32
		{597D9F37-95D8-4F4C-89B4-167F6A86CBCB}.Debug|x64.ActiveCfg = Debug|x64
		{597D9F37-95D8-4F4C-89B4-167F6A86CBCB}.Debug|x64.Build.0 = Debug|x64
		{597D9F37-95D8-4F4C-89B4-167F6A86CBCB}.Debug|x86.ActiveCfg = Debug|Win32
		{597D9F37-95D8-4F4C-89B4-167F6A86CBCB}.Debug|x86.Build.0 = Debug|Win32
		{597D9F37-95D8-4F4C-89B4-167F6A86CBCB}.Release|x64.ActiveCfg = Release|x64
		{597D9F37-95D8-4F4C-89B4-167F6A86CBCB}.Release|x64.Build.0 = Release|x64
		{597D9F37-95D8-4F4C-89B4-167F6A86CBCB}.Release|x86.ActiveCfg = Release|Win32
		{597D9F37-95D8-4F4C-89B4-167F6A86CBCB}.Release|x86.Build.0 = Release|Win32
		{FCE85868-AE49-4740-9FF3-0EDA2273ECF4}.Debug|x64.ActiveCfg = Debug|x64
		{FCE85868-AE49-4740-9FF3-0EDA2273ECF4}.Debug|x64.Build.0 = Debug|x64
		{FCE85868-AE49-4740-9FF3-0EDA2273ECF4}.Debug|x86.ActiveCfg = Debug|Win32
		{FCE85868-AE49-4740-9FF3-0EDA2273ECF4}.Debug|x86.Build.0 = Debug|Win32
		{FCE85868-AE49-4740-9FF3-0EDA2273ECF4}.Release|x64.ActiveCfg = Release|x64
		{FCE85868-AE49-4740-9FF3-0EDA2273ECF4}.Release|x64.Build.0 = Release|x64
		{FCE85868-AE49-4740-9FF3-0EDA2273ECF4}.Release|x86.ActiveCfg = Release|Win32
		{FCE85868-AE49-4740-9FF3-0EDA2273ECF4}.Release|x86.Build.0 = Release|Win32
		{ECDCB2B8-D455-499C-BF8D-ACFEE54C0D47}.Debug|x64.ActiveCfg = Debug|x64
		{ECDCB2B8-D455-499C-BF8D-ACFEE54C0D47}.Debug|x64.Build.0 = Debug|x64
		{ECDCB2B8-D455-499C-BF8D-ACFEE54C0D47}.Debug|x86.ActiveCfg = Debug|Win32
		{ECDCB2B8-D455-499C-BF8D-ACFEE54C0D47}.Debug|x86.Build.0 = Debug|Win32
		{ECDCB2B8-D455-499C-BF8D-ACFEE54C0D47}.Release|x64.ActiveCfg = Release|x64
		{ECDCB2B8-D455-499C-BF8D-ACFEE54C0D47}.Release|x64.Build.0 = Release|x64
		{ECDCB2B8-D455-499C-BF8D-ACFEE54C0D47}.Release|x86.ActiveCfg = Release|Win32
		{ECDCB2B8-D455-499C-BF8D-ACFEE54C0D47}.Release|x86.Build.0 = Release|Win32
		{F234B5E6-9F53-4ADC-A3E7-08B80FA95D37}.Debug|x64.ActiveCfg = Debug|x64
		{F234B5E6-9F53-4ADC-A3E7-08B80FA95D37}.Debug|x64.Build.0 = Debug|x64
		{F234B5E6-9F53-4ADC-A3E7-08B80FA95D37}.Debug|x86.ActiveCfg = Debug|Win32
		{F234B5E6-9F53-4ADC-A3E7-08B80FA95D37}.Debug|x86.Build.0 = Debug|Win32
		{F234B5E6-9F53-4ADC-A3E7-08B80FA95D37}.Release|x64.ActiveCfg = Release|x64
		{F234B5E6-9F53-4ADC-A3E7-08B80FA95D37}.Release|x64.Build.0 = Release|x64
		{F234B5E6-9F53-4ADC-A3E7-08B80FA95D37}.Release|x86.ActiveCfg = Release|Win32
		{F234B5E6-9F53-4ADC-A3E7-08B80FA95D37}.Release|x86.Build.0 = Release|Win32
		{7FD0CA14-E238-4B26-96F7-27736191221A}.Debug|x64.ActiveCfg = Debug|x64
		{7FD0CA14-E238-4B26-96F7-27736191221A}.Debug|x64.Build.0 = Debug|x64
		{7FD0CA14-E238-4B26-96F7-27736191221A}.Debug|x86.ActiveCfg = Debug|Win32
		{7FD0CA14-E238-4B26-96F7-27736191221A}.Debug|x86.Build.0 = Debug|Win32
		{7FD0CA14-E238-4B26-96F7-27736191221A}.Release|x64.ActiveCfg = Release|x64
		{7FD0CA14-E238-4B26-96F7-27736191221A}.Release|x64.Build.0 = Release|x64
		{7FD0CA14-E238-4B26-96F7-27736191221A}.Release|x86.ActiveCfg = Release|Win32
		{7FD0CA14-E238-4B26-96F7-27736191221A}.Release|x86.Build.0 = Release|Win32
		{FF4835C7-687A-4127-994A-49CC795F1583}.Debug|x64.ActiveCfg = Debug|x64
		{FF4835C7-687A-4127-994A-49CC795F1583}.Debug|x64.Build.0 = Debug|x64
		{FF4835C7-687A-4127-994A-49CC795F1583}.Debug|x86.ActiveCfg = Debug|Win32
		{FF4835C7-687A-4127-994A-49CC795F1583}.Debug|x86.Build.0 = Debug|Win32
		{FF4835C7-687A-4127-994A-49CC795F1583}.Release|x64.ActiveCfg = Release|x64
		{FF4835C7-687A-4127-994A-49CC795F1583}.Release|x64.Build.0 = Release|x64
		{FF4835C7-687A-4127-994A-49CC795F1583}.Release|x86.ActiveCfg = Release|Win32
		{FF4835C7-687A-4127-994A-49CC795F1583}.Release|x86.Build.0 = Release|Win32
		{52F75637-5C25-4282-820C-A4AFED843E3A}.Debug|x64.ActiveCfg = Debug|x64
		{52F75637-5C25-4282-820C-A4AFED843E3A}.Debug|x64.Build.0 = Debug|x64
		{52F75637-5C25-4282-820C-A4AFED843E3A}.Debug|x86.ActiveCfg = Debug|Win32
		{52F75637-5C25-4282-820C-A4AFED843E3A}.Debug|x86.Build.0 = Debug|Win32
		{52F75637-5C25-4282-820C-A4AFED843E3A}.Release|x64.ActiveCfg = Release|x64
		{52F75637-5C25-4282-820C-A4AFED843E3A}.Release|x64.Build.0 = Release|x64
		{52F75637-5C25-4282-820C-A4AFED843E3A}.Release|x86.ActiveCfg = Release|Win32
		{52F75637-5C25-4282-820C-A4AFED843E3A}.Release|x86.Build.0 = Release|Win32
		{954E7500-84D7-4AB6-8035-DEFBFD776E21}.Debug|x64.ActiveCfg = Debug|x64
		{954E7500-84D7-4AB6-8035-DEFBFD776E21}.Debug|x64.Build.0 = Debug|x64
		{954E7500-84D7-4AB6-8035-DEFBFD776E21}.Debug|x86.ActiveCfg = Debug|Win32
		{954E7500-84D7-4AB6-8035-DEFBFD776E21}.Debug|x86.Build.0 = Debug|Win32
		{954E7500-84D7-4AB6-8035-DEFBFD776E21}.Release|x64.ActiveCfg = Release|x64
		{954E7500-84D7-4AB6-8035-DEFBFD776E21}.Release|x64.Build.0 = Release|x64
		{954E7500-84D7-4AB6-8035-DEFBFD776E21}.Release|x86.ActiveCfg = Release|Win32
		{954E7500-84D7-4AB6-8035-DEFBFD776E21}.Release|x86.Build.0 = Release|Win32
		{131C799F-5315-4646-AC6E-D90E067387D3}.Debug|x64.ActiveCfg = Debug|x64
		{131C799F-5315-4646-AC6E-D90E067387D3}.Debug|x64.Build.0 = Debug|x64
		{131C799F-5315-4646-AC6E-D90E067387D3}.Debug|x86.ActiveCfg = Debug|Win32
		{131C799F-5315-4646-AC6E-D90E067387D3}.Debug|x86.Build.0 = Debug|Win32
		{131C799F-5315-4646-AC6E-D90E067387D3}.Release|x64.ActiveCfg = Release|x64
		{131C799F-5315-4646-AC6E-D90E067387D3}.Release|x64.Build.0 = Release|x64
		{131C799F-5315-4646-AC6E-D90E067387D3}.Release|x86.ActiveCfg = Release|Win32
		{131C799F-5315-4646-AC6E-D90E067387D3}.Release|x86.Build.0 = Release|Win32
		{CA6B884E-AB94-4992-B138-F4C5EB0432BF}.Debug|x64.ActiveCfg = Debug|x64
		{CA6B884E-AB94-4992-B138-F4C5EB0432BF}.Debug|x64.Build.0 = Debug|x64
		{CA6B884E-AB94-4992-B138-F4C5EB0432BF}.Debug|x86.ActiveCfg = Debug|Win32
		{CA6B884E-AB94-4992-B138-F4C5EB0432BF}.Debug|x86.Build.0 = Debug|Win32
		{CA6B884E-AB94-4992-B138-F4C5EB0432BF}.Release|x64.ActiveCfg = Release|x64
		{CA6B884E-AB94-4992-B138-F4C5EB0432BF}.Release|x64.Build.0 = Release|x64
		{CA6B884E-AB94-4992-B138-F4C5EB0432BF}.Release|x86.ActiveCfg = Release|Win32
		{CA6B884E-AB94-4992-B138-F4C5EB0432BF}.Release|x86.Build.0 = Release|Win32
		{1E5486E5-5507-40E6-B15E-52733504E778}.Debug|x64.ActiveCfg = Debug|x64
		{1E5486E5-5507-40E6-B15E-52733504E778}.Debug|x64.Build.0 = Debug|x64
		{1E5486E5-5507-40E6-B15E-52733504E778}.Debug|x86.ActiveCfg = Debug|Win32
		{1E5486E5-5507-40E6-B15E-52733504E778}.Debug|x86.Build.0 = Debug|Win32
		{1E5486E5-5507-40E6-B15E-52733504E778}.Release|x64.ActiveCfg = Release|x64
		{1E5486E5-5507-40E6-B15E-52733504E778}.Release|x64.Build.0 = Release|x64
		{1E5486E5-5507-40E6-B15E-52733504E778}.Release|x86.ActiveCfg = Release|Win32
		{1E5486E5-5507-40E6-B15E-52733504E778}.Release|x86.Build.0 = Release|Win32
	EndGlobalSection
	GlobalSection(SolutionProperties) = preSolution
		HideSolutionNode = FALSE
	EndGlobalSection
	GlobalSection(ExtensibilityGlobals) = postSolution
		SolutionGuid = {F5509DC4-2C19-4C29-8672-C2DF76E04E12}
	EndGlobalSection
EndGlobal
